c_in: 64
c_hidden: 64
ball_sizes: [256, 256]
enc_num_heads: [4, 4]
enc_depths: [6, 6]
dec_num_heads: [4]
dec_depths: [6]
strides: [1]
rotate: 0
mp_steps: 3
nsa_type: "LucidRains"
attn_kwargs:
    selection_ball_size: 64
    per_ball: false
    use_flex_attn: false
    use_triton_impl: true
    use_miniballattn: true
    kv_head_factor: 1
    topk: 8
    dim_head_factor: 1
